// !$*UTF8*$!
{
	archiveVersion = 1;
	classes = {
	};
	objectVersion = 77;
	objects = {

/* Begin PBXBuildFile section */
		B970A1732D041873002295E1 /* ContentView.swift in Sources */ = {isa = PBXBuildFile; fileRef = B970A1722D041873002295E1 /* ContentView.swift */; };
		B9D3855F2CF6C46900324E88 /* Coffee.swift in Sources */ = {isa = PBXBuildFile; fileRef = B9D3855E2CF6C46900324E88 /* Coffee.swift */; };
		B9D385632CF6C4C700324E88 /* CoffeeDetailView.swift in Sources */ = {isa = PBXBuildFile; fileRef = B9D385622CF6C4C700324E88 /* CoffeeDetailView.swift */; };
		B9D385672CF7CBC300324E88 /* CoffeeListView.swift in Sources */ = {isa = PBXBuildFile; fileRef = B9D385662CF7CBC300324E88 /* CoffeeListView.swift */; };
		B9D3856C2CF7E79300324E88 /* Cart.swift in Sources */ = {isa = PBXBuildFile; fileRef = B9D3856B2CF7E79300324E88 /* Cart.swift */; };
		B9D3856E2CF7E8FB00324E88 /* OrderSummaryView.swift in Sources */ = {isa = PBXBuildFile; fileRef = B9D3856D2CF7E8FB00324E88 /* OrderSummaryView.swift */; };
/* End PBXBuildFile section */

/* Begin PBXContainerItemProxy section */
		B9D384F62CF6BF8500324E88 /* PBXContainerItemProxy */ = {
			isa = PBXContainerItemProxy;
			containerPortal = B9D384DD2CF6BF8200324E88 /* Project object */;
			proxyType = 1;
			remoteGlobalIDString = B9D384E42CF6BF8200324E88;
			remoteInfo = CoffeeApp;
		};
		B9D385002CF6BF8500324E88 /* PBXContainerItemProxy */ = {
			isa = PBXContainerItemProxy;
			containerPortal = B9D384DD2CF6BF8200324E88 /* Project object */;
			proxyType = 1;
			remoteGlobalIDString = B9D384E42CF6BF8200324E88;
			remoteInfo = CoffeeApp;
		};
/* End PBXContainerItemProxy section */

/* Begin PBXFileReference section */
		B970A1722D041873002295E1 /* ContentView.swift */ = {isa = PBXFileReference; lastKnownFileType = sourcecode.swift; path = ContentView.swift; sourceTree = "<group>"; };
		B9D384E52CF6BF8200324E88 /* CoffeeApp.app */ = {isa = PBXFileReference; explicitFileType = wrapper.application; includeInIndex = 0; path = CoffeeApp.app; sourceTree = BUILT_PRODUCTS_DIR; };
		B9D384F52CF6BF8500324E88 /* CoffeeAppTests.xctest */ = {isa = PBXFileReference; explicitFileType = wrapper.cfbundle; includeInIndex = 0; path = CoffeeAppTests.xctest; sourceTree = BUILT_PRODUCTS_DIR; };
		B9D384FF2CF6BF8500324E88 /* CoffeeAppUITests.xctest */ = {isa = PBXFileReference; explicitFileType = wrapper.cfbundle; includeInIndex = 0; path = CoffeeAppUITests.xctest; sourceTree = BUILT_PRODUCTS_DIR; };
		B9D3855E2CF6C46900324E88 /* Coffee.swift */ = {isa = PBXFileReference; lastKnownFileType = sourcecode.swift; path = Coffee.swift; sourceTree = "<group>"; };
		B9D385622CF6C4C700324E88 /* CoffeeDetailView.swift */ = {isa = PBXFileReference; lastKnownFileType = sourcecode.swift; path = CoffeeDetailView.swift; sourceTree = "<group>"; };
		B9D385662CF7CBC300324E88 /* CoffeeListView.swift */ = {isa = PBXFileReference; lastKnownFileType = sourcecode.swift; path = CoffeeListView.swift; sourceTree = "<group>"; };
		B9D3856B2CF7E79300324E88 /* Cart.swift */ = {isa = PBXFileReference; lastKnownFileType = sourcecode.swift; path = Cart.swift; sourceTree = "<group>"; };
		B9D3856D2CF7E8FB00324E88 /* OrderSummaryView.swift */ = {isa = PBXFileReference; lastKnownFileType = sourcecode.swift; path = OrderSummaryView.swift; sourceTree = "<group>"; };
/* End PBXFileReference section */

/* Begin PBXFileSystemSynchronizedRootGroup section */
		B9D384E72CF6BF8200324E88 /* CoffeeApp */ = {
			isa = PBXFileSystemSynchronizedRootGroup;
			path = CoffeeApp;
			sourceTree = "<group>";
		};
		B9D384F82CF6BF8500324E88 /* CoffeeAppTests */ = {
			isa = PBXFileSystemSynchronizedRootGroup;
			path = CoffeeAppTests;
			sourceTree = "<group>";
		};
		B9D385022CF6BF8500324E88 /* CoffeeAppUITests */ = {
			isa = PBXFileSystemSynchronizedRootGroup;
			path = CoffeeAppUITests;
			sourceTree = "<group>";
		};
/* End PBXFileSystemSynchronizedRootGroup section */

/* Begin PBXFrameworksBuildPhase section */
		B9D384E22CF6BF8200324E88 /* Frameworks */ = {
			isa = PBXFrameworksBuildPhase;
			buildActionMask = 2147483647;
			files = (
			);
			runOnlyForDeploymentPostprocessing = 0;
		};
		B9D384F22CF6BF8500324E88 /* Frameworks */ = {
			isa = PBXFrameworksBuildPhase;
			buildActionMask = 2147483647;
			files = (
			);
			runOnlyForDeploymentPostprocessing = 0;
		};
		B9D384FC2CF6BF8500324E88 /* Frameworks */ = {
			isa = PBXFrameworksBuildPhase;
			buildActionMask = 2147483647;
			files = (
			);
			runOnlyForDeploymentPostprocessing = 0;
		};
/* End PBXFrameworksBuildPhase section */

/* Begin PBXGroup section */
		B9D384DC2CF6BF8200324E88 = {
			isa = PBXGroup;
			children = (
				B970A1722D041873002295E1 /* ContentView.swift */,
				B9D3856D2CF7E8FB00324E88 /* OrderSummaryView.swift */,
				B9D3856B2CF7E79300324E88 /* Cart.swift */,
				B9D385622CF6C4C700324E88 /* CoffeeDetailView.swift */,
				B9D385662CF7CBC300324E88 /* CoffeeListView.swift */,
				B9D3855E2CF6C46900324E88 /* Coffee.swift */,
				B9D384E72CF6BF8200324E88 /* CoffeeApp */,
				B9D384F82CF6BF8500324E88 /* CoffeeAppTests */,
				B9D385022CF6BF8500324E88 /* CoffeeAppUITests */,
				B9D384E62CF6BF8200324E88 /* Products */,
			);
			sourceTree = "<group>";
		};
		B9D384E62CF6BF8200324E88 /* Products */ = {
			isa = PBXGroup;
			children = (
				B9D384E52CF6BF8200324E88 /* CoffeeApp.app */,
				B9D384F52CF6BF8500324E88 /* CoffeeAppTests.xctest */,
				B9D384FF2CF6BF8500324E88 /* CoffeeAppUITests.xctest */,
			);
			name = Products;
			sourceTree = "<group>";
		};
/* End PBXGroup section */

/* Begin PBXNativeTarget section */
		B9D384E42CF6BF8200324E88 /* CoffeeApp */ = {
			isa = PBXNativeTarget;
			buildConfigurationList = B9D385092CF6BF8500324E88 /* Build configuration list for PBXNativeTarget "CoffeeApp" */;
			buildPhases = (
				B9D384E12CF6BF8200324E88 /* Sources */,
				B9D384E22CF6BF8200324E88 /* Frameworks */,
				B9D384E32CF6BF8200324E88 /* Resources */,
			);
			buildRules = (
			);
			dependencies = (
			);
			fileSystemSynchronizedGroups = (
				B9D384E72CF6BF8200324E88 /* CoffeeApp */,
			);
			name = CoffeeApp;
			packageProductDependencies = (
			);
			productName = CoffeeApp;
			productReference = B9D384E52CF6BF8200324E88 /* CoffeeApp.app */;
			productType = "com.apple.product-type.application";
		};
		B9D384F42CF6BF8500324E88 /* CoffeeAppTests */ = {
			isa = PBXNativeTarget;
			buildConfigurationList = B9D3850C2CF6BF8500324E88 /* Build configuration list for PBXNativeTarget "CoffeeAppTests" */;
			buildPhases = (
				B9D384F12CF6BF8500324E88 /* Sources */,
				B9D384F22CF6BF8500324E88 /* Frameworks */,
				B9D384F32CF6BF8500324E88 /* Resources */,
			);
			buildRules = (
			);
			dependencies = (
				B9D384F72CF6BF8500324E88 /* PBXTargetDependency */,
			);
			fileSystemSynchronizedGroups = (
				B9D384F82CF6BF8500324E88 /* CoffeeAppTests */,
			);
			name = CoffeeAppTests;
			packageProductDependencies = (
			);
			productName = CoffeeAppTests;
			productReference = B9D384F52CF6BF8500324E88 /* CoffeeAppTests.xctest */;
			productType = "com.apple.product-type.bundle.unit-test";
		};
		B9D384FE2CF6BF8500324E88 /* CoffeeAppUITests */ = {
			isa = PBXNativeTarget;
			buildConfigurationList = B9D3850F2CF6BF8500324E88 /* Build configuration list for PBXNativeTarget "CoffeeAppUITests" */;
			buildPhases = (
				B9D384FB2CF6BF8500324E88 /* Sources */,
				B9D384FC2CF6BF8500324E88 /* Frameworks */,
				B9D384FD2CF6BF8500324E88 /* Resources */,
			);
			buildRules = (
			);
			dependencies = (
				B9D385012CF6BF8500324E88 /* PBXTargetDependency */,
			);
			fileSystemSynchronizedGroups = (
				B9D385022CF6BF8500324E88 /* CoffeeAppUITests */,
			);
			name = CoffeeAppUITests;
			packageProductDependencies = (
			);
			productName = CoffeeAppUITests;
			productReference = B9D384FF2CF6BF8500324E88 /* CoffeeAppUITests.xctest */;
			productType = "com.apple.product-type.bundle.ui-testing";
		};
/* End PBXNativeTarget section */

/* Begin PBXProject section */
		B9D384DD2CF6BF8200324E88 /* Project object */ = {
			isa = PBXProject;
			attributes = {
				BuildIndependentTargetsInParallel = 1;
				LastSwiftUpdateCheck = 1610;
				LastUpgradeCheck = 1610;
				TargetAttributes = {
					B9D384E42CF6BF8200324E88 = {
						CreatedOnToolsVersion = 16.1;
					};
					B9D384F42CF6BF8500324E88 = {
						CreatedOnToolsVersion = 16.1;
						TestTargetID = B9D384E42CF6BF8200324E88;
					};
					B9D384FE2CF6BF8500324E88 = {
						CreatedOnToolsVersion = 16.1;
						TestTargetID = B9D384E42CF6BF8200324E88;
					};
				};
			};
			buildConfigurationList = B9D384E02CF6BF8200324E88 /* Build configuration list for PBXProject "CoffeeApp" */;
			developmentRegion = en;
			hasScannedForEncodings = 0;
			knownRegions = (
				en,
				Base,
			);
			mainGroup = B9D384DC2CF6BF8200324E88;
			minimizedProjectReferenceProxies = 1;
			preferredProjectObjectVersion = 77;
			productRefGroup = B9D384E62CF6BF8200324E88 /* Products */;
			projectDirPath = "";
			projectRoot = "";
			targets = (
				B9D384E42CF6BF8200324E88 /* CoffeeApp */,
				B9D384F42CF6BF8500324E88 /* CoffeeAppTests */,
				B9D384FE2CF6BF8500324E88 /* CoffeeAppUITests */,
			);
		};
/* End PBXProject section */

/* Begin PBXResourcesBuildPhase section */
		B9D384E32CF6BF8200324E88 /* Resources */ = {
			isa = PBXResourcesBuildPhase;
			buildActionMask = 2147483647;
			files = (
			);
			runOnlyForDeploymentPostprocessing = 0;
		};
		B9D384F32CF6BF8500324E88 /* Resources */ = {
			isa = PBXResourcesBuildPhase;
			buildActionMask = 2147483647;
			files = (
			);
			runOnlyForDeploymentPostprocessing = 0;
		};
		B9D384FD2CF6BF8500324E88 /* Resources */ = {
			isa = PBXResourcesBuildPhase;
			buildActionMask = 2147483647;
			files = (
			);
			runOnlyForDeploymentPostprocessing = 0;
		};
/* End PBXResourcesBuildPhase section */

/* Begin PBXSourcesBuildPhase section */
		B9D384E12CF6BF8200324E88 /* Sources */ = {
			isa = PBXSourcesBuildPhase;
			buildActionMask = 2147483647;
			files = (
				B9D3856E2CF7E8FB00324E88 /* OrderSummaryView.swift in Sources */,
				B9D385672CF7CBC300324E88 /* CoffeeListView.swift in Sources */,
				B970A1732D041873002295E1 /* ContentView.swift in Sources */,
				B9D3856C2CF7E79300324E88 /* Cart.swift in Sources */,
				B9D3855F2CF6C46900324E88 /* Coffee.swift in Sources */,
				B9D385632CF6C4C700324E88 /* CoffeeDetailView.swift in Sources */,
			);
			runOnlyForDeploymentPostprocessing = 0;
		};
		B9D384F12CF6BF8500324E88 /* Sources */ = {
			isa = PBXSourcesBuildPhase;
			buildActionMask = 2147483647;
			files = (
			);
			runOnlyForDeploymentPostprocessing = 0;
		};
		B9D384FB2CF6BF8500324E88 /* Sources */ = {
			isa = PBXSourcesBuildPhase;
			buildActionMask = 2147483647;
			files = (
			);
			runOnlyForDeploymentPostprocessing = 0;
		};
/* End PBXSourcesBuildPhase section */

/* Begin PBXTargetDependency section */
		B9D384F72CF6BF8500324E88 /* PBXTargetDependency */ = {
			isa = PBXTargetDependency;
			target = B9D384E42CF6BF8200324E88 /* CoffeeApp */;
			targetProxy = B9D384F62CF6BF8500324E88 /* PBXContainerItemProxy */;
		};
		B9D385012CF6BF8500324E88 /* PBXTargetDependency */ = {
			isa = PBXTargetDependency;
			target = B9D384E42CF6BF8200324E88 /* CoffeeApp */;
			targetProxy = B9D385002CF6BF8500324E88 /* PBXContainerItemProxy */;
		};
/* End PBXTargetDependency section */

/* Begin XCBuildConfiguration section */
		B9D385072CF6BF8500324E88 /* Debug */ = {
			isa = XCBuildConfiguration;
			buildSettings = {
				ALWAYS_SEARCH_USER_PATHS = NO;
				ASSETCATALOG_COMPILER_GENERATE_SWIFT_ASSET_SYMBOL_EXTENSIONS = YES;
				CLANG_ANALYZER_NONNULL = YES;
				CLANG_ANALYZER_NUMBER_OBJECT_CONVERSION = YES_AGGRESSIVE;
				CLANG_CXX_LANGUAGE_STANDARD = "gnu++20";
				CLANG_ENABLE_MODULES = YES;
				CLANG_ENABLE_OBJC_ARC = YES;
				CLANG_ENABLE_OBJC_WEAK = YES;
				CLANG_WARN_BLOCK_CAPTURE_AUTORELEASING = YES;
				CLANG_WARN_BOOL_CONVERSION = YES;
				CLANG_WARN_COMMA = YES;
				CLANG_WARN_CONSTANT_CONVERSION = YES;
				CLANG_WARN_DEPRECATED_OBJC_IMPLEMENTATIONS = YES;
				CLANG_WARN_DIRECT_OBJC_ISA_USAGE = YES_ERROR;
				CLANG_WARN_DOCUMENTATION_COMMENTS = YES;
				CLANG_WARN_EMPTY_BODY = YES;
				CLANG_WARN_ENUM_CONVERSION = YES;
				CLANG_WARN_INFINITE_RECURSION = YES;
				CLANG_WARN_INT_CONVERSION = YES;
				CLANG_WARN_NON_LITERAL_NULL_CONVERSION = YES;
				CLANG_WARN_OBJC_IMPLICIT_RETAIN_SELF = YES;
				CLANG_WARN_OBJC_LITERAL_CONVERSION = YES;
				CLANG_WARN_OBJC_ROOT_CLASS = YES_ERROR;
				CLANG_WARN_QUOTED_INCLUDE_IN_FRAMEWORK_HEADER = YES;
				CLANG_WARN_RANGE_LOOP_ANALYSIS = YES;
				CLANG_WARN_STRICT_PROTOTYPES = YES;
				CLANG_WARN_SUSPICIOUS_MOVE = YES;
				CLANG_WARN_UNGUARDED_AVAILABILITY = YES_AGGRESSIVE;
				CLANG_WARN_UNREACHABLE_CODE = YES;
				CLANG_WARN__DUPLICATE_METHOD_MATCH = YES;
				COPY_PHASE_STRIP = NO;
				DEBUG_INFORMATION_FORMAT = dwarf;
				ENABLE_STRICT_OBJC_MSGSEND = YES;
				ENABLE_TESTABILITY = YES;
				ENABLE_USER_SCRIPT_SANDBOXING = YES;
				GCC_C_LANGUAGE_STANDARD = gnu17;
				GCC_DYNAMIC_NO_PIC = NO;
				GCC_NO_COMMON_BLOCKS = YES;
				GCC_OPTIMIZATION_LEVEL = 0;
				GCC_PREPROCESSOR_DEFINITIONS = (
					"DEBUG=1",
					"$(inherited)",
				);
				GCC_WARN_64_TO_32_BIT_CONVERSION = YES;
				GCC_WARN_ABOUT_RETURN_TYPE = YES_ERROR;
				GCC_WARN_UNDECLARED_SELECTOR = YES;
				GCC_WARN_UNINITIALIZED_AUTOS = YES_AGGRESSIVE;
				GCC_WARN_UNUSED_FUNCTION = YES;
				GCC_WARN_UNUSED_VARIABLE = YES;
				IPHONEOS_DEPLOYMENT_TARGET = 18.1;
				LOCALIZATION_PREFERS_STRING_CATALOGS = YES;
				MTL_ENABLE_DEBUG_INFO = INCLUDE_SOURCE;
				MTL_FAST_MATH = YES;
				ONLY_ACTIVE_ARCH = YES;
				SDKROOT = iphoneos;
				SWIFT_ACTIVE_COMPILATION_CONDITIONS = "DEBUG $(inherited)";
				SWIFT_OPTIMIZATION_LEVEL = "-Onone";
			};
			name = Debug;
		};
		B9D385082CF6BF8500324E88 /* Release */ = {
			isa = XCBuildConfiguration;
			buildSettings = {
				ALWAYS_SEARCH_USER_PATHS = NO;
				ASSETCATALOG_COMPILER_GENERATE_SWIFT_ASSET_SYMBOL_EXTENSIONS = YES;
				CLANG_ANALYZER_NONNULL = YES;
				CLANG_ANALYZER_NUMBER_OBJECT_CONVERSION = YES_AGGRESSIVE;
				CLANG_CXX_LANGUAGE_STANDARD = "gnu++20";
				CLANG_ENABLE_MODULES = YES;
				CLANG_ENABLE_OBJC_ARC = YES;
				CLANG_ENABLE_OBJC_WEAK = YES;
				CLANG_WARN_BLOCK_CAPTURE_AUTORELEASING = YES;
				CLANG_WARN_BOOL_CONVERSION = YES;
				CLANG_WARN_COMMA = YES;
				CLANG_WARN_CONSTANT_CONVERSION = YES;
				CLANG_WARN_DEPRECATED_OBJC_IMPLEMENTATIONS = YES;
				CLANG_WARN_DIRECT_OBJC_ISA_USAGE = YES_ERROR;
				CLANG_WARN_DOCUMENTATION_COMMENTS = YES;
				CLANG_WARN_EMPTY_BODY = YES;
				CLANG_WARN_ENUM_CONVERSION = YES;
				CLANG_WARN_INFINITE_RECURSION = YES;
				CLANG_WARN_INT_CONVERSION = YES;
				CLANG_WARN_NON_LITERAL_NULL_CONVERSION = YES;
				CLANG_WARN_OBJC_IMPLICIT_RETAIN_SELF = YES;
				CLANG_WARN_OBJC_LITERAL_CONVERSION = YES;
				CLANG_WARN_OBJC_ROOT_CLASS = YES_ERROR;
				CLANG_WARN_QUOTED_INCLUDE_IN_FRAMEWORK_HEADER = YES;
				CLANG_WARN_RANGE_LOOP_ANALYSIS = YES;
				CLANG_WARN_STRICT_PROTOTYPES = YES;
				CLANG_WARN_SUSPICIOUS_MOVE = YES;
				CLANG_WARN_UNGUARDED_AVAILABILITY = YES_AGGRESSIVE;
				CLANG_WARN_UNREACHABLE_CODE = YES;
				CLANG_WARN__DUPLICATE_METHOD_MATCH = YES;
				COPY_PHASE_STRIP = NO;
				DEBUG_INFORMATION_FORMAT = "dwarf-with-dsym";
				ENABLE_NS_ASSERTIONS = NO;
				ENABLE_STRICT_OBJC_MSGSEND = YES;
				ENABLE_USER_SCRIPT_SANDBOXING = YES;
				GCC_C_LANGUAGE_STANDARD = gnu17;
				GCC_NO_COMMON_BLOCKS = YES;
				GCC_WARN_64_TO_32_BIT_CONVERSION = YES;
				GCC_WARN_ABOUT_RETURN_TYPE = YES_ERROR;
				GCC_WARN_UNDECLARED_SELECTOR = YES;
				GCC_WARN_UNINITIALIZED_AUTOS = YES_AGGRESSIVE;
				GCC_WARN_UNUSED_FUNCTION = YES;
				GCC_WARN_UNUSED_VARIABLE = YES;
				IPHONEOS_DEPLOYMENT_TARGET = 18.1;
				LOCALIZATION_PREFERS_STRING_CATALOGS = YES;
				MTL_ENABLE_DEBUG_INFO = NO;
				MTL_FAST_MATH = YES;
				SDKROOT = iphoneos;
				SWIFT_COMPILATION_MODE = wholemodule;
				VALIDATE_PRODUCT = YES;
			};
			name = Release;
		};
		B9D3850A2CF6BF8500324E88 /* Debug */ = {
			isa = XCBuildConfiguration;
			buildSettings = {
				ASSETCATALOG_COMPILER_APPICON_NAME = AppIcon;
				ASSETCATALOG_COMPILER_GLOBAL_ACCENT_COLOR_NAME = AccentColor;
				CODE_SIGN_STYLE = Automatic;
				CURRENT_PROJECT_VERSION = 1;
				DEVELOPMENT_ASSET_PATHS = "\"CoffeeApp/Preview Content\"";
				DEVELOPMENT_TEAM = LD7S2UU4KP;
				ENABLE_PREVIEWS = YES;
				GENERATE_INFOPLIST_FILE = YES;
				INFOPLIST_KEY_UIApplicationSceneManifest_Generation = YES;
				INFOPLIST_KEY_UIApplicationSupportsIndirectInputEvents = YES;
				INFOPLIST_KEY_UILaunchScreen_Generation = YES;
				INFOPLIST_KEY_UISupportedInterfaceOrientations_iPad = "UIInterfaceOrientationPortrait UIInterfaceOrientationPortraitUpsideDown UIInterfaceOrientationLandscapeLeft UIInterfaceOrientationLandscapeRight";
				INFOPLIST_KEY_UISupportedInterfaceOrientations_iPhone = "UIInterfaceOrientationPortrait UIInterfaceOrientationLandscapeLeft UIInterfaceOrientationLandscapeRight";
				LD_RUNPATH_SEARCH_PATHS = (
					"$(inherited)",
					"@executable_path/Frameworks",
				);
				MARKETING_VERSION = 1.0;
				PRODUCT_BUNDLE_IDENTIFIER = "ztun-sfsu.edu.CoffeeApp";
				PRODUCT_NAME = "$(TARGET_NAME)";
				SWIFT_EMIT_LOC_STRINGS = YES;
				SWIFT_VERSION = 5.0;
				TARGETED_DEVICE_FAMILY = "1,2";
			};
			name = Debug;
		};
		B9D3850B2CF6BF8500324E88 /* Release */ = {
			isa = XCBuildConfiguration;
			buildSettings = {
				ASSETCATALOG_COMPILER_APPICON_NAME = AppIcon;
				ASSETCATALOG_COMPILER_GLOBAL_ACCENT_COLOR_NAME = AccentColor;
				CODE_SIGN_STYLE = Automatic;
				CURRENT_PROJECT_VERSION = 1;
				DEVELOPMENT_ASSET_PATHS = "\"CoffeeApp/Preview Content\"";
				DEVELOPMENT_TEAM = LD7S2UU4KP;
				ENABLE_PREVIEWS = YES;
				GENERATE_INFOPLIST_FILE = YES;
				INFOPLIST_KEY_UIApplicationSceneManifest_Generation = YES;
				INFOPLIST_KEY_UIApplicationSupportsIndirectInputEvents = YES;
				INFOPLIST_KEY_UILaunchScreen_Generation = YES;
				INFOPLIST_KEY_UISupportedInterfaceOrientations_iPad = "UIInterfaceOrientationPortrait UIInterfaceOrientationPortraitUpsideDown UIInterfaceOrientationLandscapeLeft UIInterfaceOrientationLandscapeRight";
				INFOPLIST_KEY_UISupportedInterfaceOrientations_iPhone = "UIInterfaceOrientationPortrait UIInterfaceOrientationLandscapeLeft UIInterfaceOrientationLandscapeRight";
				LD_RUNPATH_SEARCH_PATHS = (
					"$(inherited)",
					"@executable_path/Frameworks",
				);
				MARKETING_VERSION = 1.0;
				PRODUCT_BUNDLE_IDENTIFIER = "ztun-sfsu.edu.CoffeeApp";
				PRODUCT_NAME = "$(TARGET_NAME)";
				SWIFT_EMIT_LOC_STRINGS = YES;
				SWIFT_VERSION = 5.0;
				TARGETED_DEVICE_FAMILY = "1,2";
			};
			name = Release;
		};
		B9D3850D2CF6BF8500324E88 /* Debug */ = {
			isa = XCBuildConfiguration;
			buildSettings = {
				BUNDLE_LOADER = "$(TEST_HOST)";
				CODE_SIGN_STYLE = Automatic;
				CURRENT_PROJECT_VERSION = 1;
				DEVELOPMENT_TEAM = LD7S2UU4KP;
				GENERATE_INFOPLIST_FILE = YES;
				IPHONEOS_DEPLOYMENT_TARGET = 18.1;
				MARKETING_VERSION = 1.0;
				PRODUCT_BUNDLE_IDENTIFIER = "ztun-sfsu.edu.CoffeeAppTests";
				PRODUCT_NAME = "$(TARGET_NAME)";
				SWIFT_EMIT_LOC_STRINGS = NO;
				SWIFT_VERSION = 5.0;
				TARGETED_DEVICE_FAMILY = "1,2";
				TEST_HOST = "$(BUILT_PRODUCTS_DIR)/CoffeeApp.app/$(BUNDLE_EXECUTABLE_FOLDER_PATH)/CoffeeApp";
			};
			name = Debug;
		};
		B9D3850E2CF6BF8500324E88 /* Release */ = {
			isa = XCBuildConfiguration;
			buildSettings = {
				BUNDLE_LOADER = "$(TEST_HOST)";
				CODE_SIGN_STYLE = Automatic;
				CURRENT_PROJECT_VERSION = 1;
				DEVELOPMENT_TEAM = LD7S2UU4KP;
				GENERATE_INFOPLIST_FILE = YES;
				IPHONEOS_DEPLOYMENT_TARGET = 18.1;
				MARKETING_VERSION = 1.0;
				PRODUCT_BUNDLE_IDENTIFIER = "ztun-sfsu.edu.CoffeeAppTests";
				PRODUCT_NAME = "$(TARGET_NAME)";
				SWIFT_EMIT_LOC_STRINGS = NO;
				SWIFT_VERSION = 5.0;
				TARGETED_DEVICE_FAMILY = "1,2";
				TEST_HOST = "$(BUILT_PRODUCTS_DIR)/CoffeeApp.app/$(BUNDLE_EXECUTABLE_FOLDER_PATH)/CoffeeApp";
			};
			name = Release;
		};
		B9D385102CF6BF8500324E88 /* Debug */ = {
			isa = XCBuildConfiguration;
			buildSettings = {
				CODE_SIGN_STYLE = Automatic;
				CURRENT_PROJECT_VERSION = 1;
				DEVELOPMENT_TEAM = LD7S2UU4KP;
				GENERATE_INFOPLIST_FILE = YES;
				MARKETING_VERSION = 1.0;
				PRODUCT_BUNDLE_IDENTIFIER = "ztun-sfsu.edu.CoffeeAppUITests";
				PRODUCT_NAME = "$(TARGET_NAME)";
				SWIFT_EMIT_LOC_STRINGS = NO;
				SWIFT_VERSION = 5.0;
				TARGETED_DEVICE_FAMILY = "1,2";
				TEST_TARGET_NAME = CoffeeApp;
			};
			name = Debug;
		};
		B9D385112CF6BF8500324E88 /* Release */ = {
			isa = XCBuildConfiguration;
			buildSettings = {
				CODE_SIGN_STYLE = Automatic;
				CURRENT_PROJECT_VERSION = 1;
				DEVELOPMENT_TEAM = LD7S2UU4KP;
				GENERATE_INFOPLIST_FILE = YES;
				MARKETING_VERSION = 1.0;
				PRODUCT_BUNDLE_IDENTIFIER = "ztun-sfsu.edu.CoffeeAppUITests";
				PRODUCT_NAME = "$(TARGET_NAME)";
				SWIFT_EMIT_LOC_STRINGS = NO;
				SWIFT_VERSION = 5.0;
				TARGETED_DEVICE_FAMILY = "1,2";
				TEST_TARGET_NAME = CoffeeApp;
			};
			name = Release;
		};
/* End XCBuildConfiguration section */

/* Begin XCConfigurationList section */
		B9D384E02CF6BF8200324E88 /* Build configuration list for PBXProject "CoffeeApp" */ = {
			isa = XCConfigurationList;
			buildConfigurations = (
				B9D385072CF6BF8500324E88 /* Debug */,
				B9D385082CF6BF8500324E88 /* Release */,
			);
			defaultConfigurationIsVisible = 0;
			defaultConfigurationName = Release;
		};
		B9D385092CF6BF8500324E88 /* Build configuration list for PBXNativeTarget "CoffeeApp" */ = {
			isa = XCConfigurationList;
			buildConfigurations = (
				B9D3850A2CF6BF8500324E88 /* Debug */,
				B9D3850B2CF6BF8500324E88 /* Release */,
			);
			defaultConfigurationIsVisible = 0;
			defaultConfigurationName = Release;
		};
		B9D3850C2CF6BF8500324E88 /* Build configuration list for PBXNativeTarget "CoffeeAppTests" */ = {
			isa = XCConfigurationList;
			buildConfigurations = (
				B9D3850D2CF6BF8500324E88 /* Debug */,
				B9D3850E2CF6BF8500324E88 /* Release */,
			);
			defaultConfigurationIsVisible = 0;
			defaultConfigurationName = Release;
		};
		B9D3850F2CF6BF8500324E88 /* Build configuration list for PBXNativeTarget "CoffeeAppUITests" */ = {
			isa = XCConfigurationList;
			buildConfigurations = (
				B9D385102CF6BF8500324E88 /* Debug */,
				B9D385112CF6BF8500324E88 /* Release */,
			);
			defaultConfigurationIsVisible = 0;
			defaultConfigurationName = Release;
		};
/* End XCConfigurationList section */
	};
	rootObject = B9D384DD2CF6BF8200324E88 /* Project object */;
}
